{
  "object": {
    "pins": [
      {
        "package": "Fuse",
        "repositoryURL": "https://github.com/krisk/fuse-swift",
        "state": {
          "branch": "master",
          "revision": "26ba868691b2d8b7bf2b1322951eb591be70ccca",
          "version": null
        }
      }
    ]
  },
  "version": 1
}
