// !$*UTF8*$!
{
	archiveVersion = 1;
	classes = {
	};
	objectVersion = 54;
	objects = {

/* Begin PBXBuildFile section */
		42312E27230649C0A82474D4 /* PipeListProviderTests.swift in Sources */ = {isa = PBXBuildFile; fileRef = 2B4A6EB6FC9D42409B853E7D /* PipeListProviderTests.swift */; };
		7E81C57FFE39431782C98B80 /* CommandArgumentsTests.swift in Sources */ = {isa = PBXBuildFile; fileRef = BAFA97BFB86D4BBEA3CA3C69 /* CommandArgumentsTests.swift */; };
		7F0A88F42D6A344B008B3822 /* Settings in Frameworks */ = {isa = PBXBuildFile; productRef = 7F0A88F32D6A344B008B3822 /* Settings */; };
		7F0A88F72D6A3620008B3822 /* LaunchAtLogin in Frameworks */ = {isa = PBXBuildFile; productRef = 7F0A88F62D6A3620008B3822 /* LaunchAtLogin */; };
		7F25568F269CF945002324AC /* CommandArguments.swift in Sources */ = {isa = PBXBuildFile; fileRef = 7F25568E269CF945002324AC /* CommandArguments.swift */; };
		7F255692269CF988002324AC /* ArgumentParser in Frameworks */ = {isa = PBXBuildFile; productRef = 7F255691269CF988002324AC /* ArgumentParser */; };
		7F255694269D01FF002324AC /* InputField.swift in Sources */ = {isa = PBXBuildFile; fileRef = 7F255693269D01FF002324AC /* InputField.swift */; };
		7F2CCA1E268B10F700C14B29 /* FileWatcher in Frameworks */ = {isa = PBXBuildFile; productRef = 7F2CCA1D268B10F700C14B29 /* FileWatcher */; };
		7F2CCA23268B195F00C14B29 /* Notification+Name.swift in Sources */ = {isa = PBXBuildFile; fileRef = 7F2CCA22268B195F00C14B29 /* Notification+Name.swift */; };
		7F2CCA2E268FE37900C14B29 /* ListProvider.swift in Sources */ = {isa = PBXBuildFile; fileRef = 7F2CCA2D268FE37900C14B29 /* ListProvider.swift */; };
		7F2CCA30268FE38C00C14B29 /* AppListProvider.swift in Sources */ = {isa = PBXBuildFile; fileRef = 7F2CCA2F268FE38C00C14B29 /* AppListProvider.swift */; };
		7F2CCA32268FEDF600C14B29 /* PipeListProvider.swift in Sources */ = {isa = PBXBuildFile; fileRef = 7F2CCA31268FEDF600C14B29 /* PipeListProvider.swift */; };
		7F2CCA3F268FFDB500C14B29 /* ReadStdin.h.m in Sources */ = {isa = PBXBuildFile; fileRef = 7F2CCA3E268FFDB500C14B29 /* ReadStdin.h.m */; };
		7F3278F01C71C9CE00AFB227 /* AppDelegate.swift in Sources */ = {isa = PBXBuildFile; fileRef = 7F3278E81C71C9CE00AFB227 /* AppDelegate.swift */; };
		7F3278F11C71C9CE00AFB227 /* Assets.xcassets in Resources */ = {isa = PBXBuildFile; fileRef = 7F3278E91C71C9CE00AFB227 /* Assets.xcassets */; };
		7F3278F51C71C9CE00AFB227 /* SearchWindow.swift in Sources */ = {isa = PBXBuildFile; fileRef = 7F3278ED1C71C9CE00AFB227 /* SearchWindow.swift */; };
		7F3278F71C71C9CE00AFB227 /* SearchViewController.swift in Sources */ = {isa = PBXBuildFile; fileRef = 7F3278EF1C71C9CE00AFB227 /* SearchViewController.swift */; };
		7F3279001C71D39800AFB227 /* VerticalAlignedTextFieldCell.swift in Sources */ = {isa = PBXBuildFile; fileRef = 7F3278FF1C71D39800AFB227 /* VerticalAlignedTextFieldCell.swift */; };
		7F32790E1C71DF3E00AFB227 /* Carbon.framework in Frameworks */ = {isa = PBXBuildFile; fileRef = 7F32790D1C71DF3E00AFB227 /* Carbon.framework */; };
		7F5D0E261CACCD0100268983 /* ResultsView.swift in Sources */ = {isa = PBXBuildFile; fileRef = 7F5D0E241CACCD0100268983 /* ResultsView.swift */; };
		7F5D0E2C1CACCDD400268983 /* Main.storyboard in Resources */ = {isa = PBXBuildFile; fileRef = 7F5D0E281CACCDD400268983 /* Main.storyboard */; };
		7F6511F729A619DE007D3EB3 /* GeneralSettingsViewController.swift in Sources */ = {isa = PBXBuildFile; fileRef = 7F6511F629A619DE007D3EB3 /* GeneralSettingsViewController.swift */; };
		7F6511FB29A61A4E007D3EB3 /* GeneralSettingsViewController.xib in Resources */ = {isa = PBXBuildFile; fileRef = 7F6511F929A61A4E007D3EB3 /* GeneralSettingsViewController.xib */; };
		7F6511FE29A61C32007D3EB3 /* KeyboardShortcuts in Frameworks */ = {isa = PBXBuildFile; productRef = 7F6511FD29A61C32007D3EB3 /* KeyboardShortcuts */; };
		7F90D2D226FDE2400003EC7E /* dmenu-mac in Resources */ = {isa = PBXBuildFile; fileRef = 7F90D2D126FDE2400003EC7E /* dmenu-mac */; };
		7FCEF3DD2EF89BAE00301202 /* SearchService.swift in Sources */ = {isa = PBXBuildFile; fileRef = 7FCEF3DB2EF89BAE00301202 /* SearchService.swift */; };
		7FCEF3DF2EF89BAE00301202 /* ProviderFactory.swift in Sources */ = {isa = PBXBuildFile; fileRef = 7FCEF3DA2EF89BAE00301202 /* ProviderFactory.swift */; };
		7FCEF3E42EF89BB900301202 /* AppListProviderTests.swift in Sources */ = {isa = PBXBuildFile; fileRef = 7FCEF3E02EF89BB900301202 /* AppListProviderTests.swift */; };
		7FCEF3E52EF89BB900301202 /* MockListProvider.swift in Sources */ = {isa = PBXBuildFile; fileRef = 7FCEF3E12EF89BB900301202 /* MockListProvider.swift */; };
		7FCEF3E62EF89BB900301202 /* SearchViewControllerTests.swift in Sources */ = {isa = PBXBuildFile; fileRef = 7FCEF3E32EF89BB900301202 /* SearchViewControllerTests.swift */; };
		7FCEF3E72EF89BB900301202 /* SearchServiceTests.swift in Sources */ = {isa = PBXBuildFile; fileRef = 7FCEF3E22EF89BB900301202 /* SearchServiceTests.swift */; };
		7FCEF4112EFBE70300301202 /* AppearanceSettings.swift in Sources */ = {isa = PBXBuildFile; fileRef = 7FCEF40F2EFBE70300301202 /* AppearanceSettings.swift */; };
		7FCEF4122EFBE70300301202 /* AppearanceSettingsViewController.swift in Sources */ = {isa = PBXBuildFile; fileRef = 7FCEF4102EFBE70300301202 /* AppearanceSettingsViewController.swift */; };
		7FCEF4152EFBE71400301202 /* AppearanceSettingsViewController.xib in Resources */ = {isa = PBXBuildFile; fileRef = 7FCEF4132EFBE71400301202 /* AppearanceSettingsViewController.xib */; };
		7FDA366E241FDA5E00B51212 /* Fuse in Frameworks */ = {isa = PBXBuildFile; productRef = 7FDA366D241FDA5E00B51212 /* Fuse */; };
		B587A216B6D840909FF34BE0 /* XCTest.framework in Frameworks */ = {isa = PBXBuildFile; fileRef = A741D70BEA39425CA2842ABC /* XCTest.framework */; };
		CAA73A0945C642C6A1A7CD3D /* NotificationNameTests.swift in Sources */ = {isa = PBXBuildFile; fileRef = B9315B77060242E2BEE75F2C /* NotificationNameTests.swift */; };
/* End PBXBuildFile section */

/* Begin PBXContainerItemProxy section */
		3DABDF17154045C5972A4C41 /* PBXContainerItemProxy */ = {
			isa = PBXContainerItemProxy;
			containerPortal = 7FE8A6401C717481000A2C4C /* Project object */;
			proxyType = 1;
			remoteGlobalIDString = 7FE8A6471C717481000A2C4C;
			remoteInfo = "dmenu-mac";
		};
/* End PBXContainerItemProxy section */

/* Begin PBXFileReference section */
		2B4A6EB6FC9D42409B853E7D /* PipeListProviderTests.swift */ = {isa = PBXFileReference; lastKnownFileType = sourcecode.swift; name = PipeListProviderTests.swift; path = "dmenu-macTests/PipeListProviderTests.swift"; sourceTree = "<group>"; };
		7F25568E269CF945002324AC /* CommandArguments.swift */ = {isa = PBXFileReference; lastKnownFileType = sourcecode.swift; name = CommandArguments.swift; path = src/CommandArguments.swift; sourceTree = "<group>"; };
		7F255693269D01FF002324AC /* InputField.swift */ = {isa = PBXFileReference; lastKnownFileType = sourcecode.swift; name = InputField.swift; path = src/InputField.swift; sourceTree = "<group>"; };
		7F2CCA22268B195F00C14B29 /* Notification+Name.swift */ = {isa = PBXFileReference; lastKnownFileType = sourcecode.swift; name = "Notification+Name.swift"; path = "src/Notification+Name.swift"; sourceTree = "<group>"; };
		7F2CCA2D268FE37900C14B29 /* ListProvider.swift */ = {isa = PBXFileReference; lastKnownFileType = sourcecode.swift; name = ListProvider.swift; path = src/ListProvider.swift; sourceTree = "<group>"; };
		7F2CCA2F268FE38C00C14B29 /* AppListProvider.swift */ = {isa = PBXFileReference; lastKnownFileType = sourcecode.swift; name = AppListProvider.swift; path = src/AppListProvider.swift; sourceTree = "<group>"; };
		7F2CCA31268FEDF600C14B29 /* PipeListProvider.swift */ = {isa = PBXFileReference; lastKnownFileType = sourcecode.swift; name = PipeListProvider.swift; path = src/PipeListProvider.swift; sourceTree = "<group>"; };
		7F2CCA3D268FFDB500C14B29 /* ReadStdin.h */ = {isa = PBXFileReference; lastKnownFileType = sourcecode.c.h; name = ReadStdin.h; path = src/ReadStdin.h; sourceTree = "<group>"; };
		7F2CCA3E268FFDB500C14B29 /* ReadStdin.h.m */ = {isa = PBXFileReference; lastKnownFileType = sourcecode.c.objc; name = ReadStdin.h.m; path = src/ReadStdin.h.m; sourceTree = "<group>"; };
		7F3278E81C71C9CE00AFB227 /* AppDelegate.swift */ = {isa = PBXFileReference; fileEncoding = 4; lastKnownFileType = sourcecode.swift; name = AppDelegate.swift; path = src/AppDelegate.swift; sourceTree = "<group>"; };
		7F3278E91C71C9CE00AFB227 /* Assets.xcassets */ = {isa = PBXFileReference; lastKnownFileType = folder.assetcatalog; name = Assets.xcassets; path = src/Assets.xcassets; sourceTree = "<group>"; };
		7F3278EC1C71C9CE00AFB227 /* Info.plist */ = {isa = PBXFileReference; fileEncoding = 4; lastKnownFileType = text.plist.xml; name = Info.plist; path = src/Info.plist; sourceTree = "<group>"; };
		7F3278ED1C71C9CE00AFB227 /* SearchWindow.swift */ = {isa = PBXFileReference; fileEncoding = 4; lastKnownFileType = sourcecode.swift; name = SearchWindow.swift; path = src/SearchWindow.swift; sourceTree = "<group>"; };
		7F3278EF1C71C9CE00AFB227 /* SearchViewController.swift */ = {isa = PBXFileReference; fileEncoding = 4; lastKnownFileType = sourcecode.swift; name = SearchViewController.swift; path = src/SearchViewController.swift; sourceTree = "<group>"; };
		7F3278FF1C71D39800AFB227 /* VerticalAlignedTextFieldCell.swift */ = {isa = PBXFileReference; fileEncoding = 4; lastKnownFileType = sourcecode.swift; name = VerticalAlignedTextFieldCell.swift; path = src/VerticalAlignedTextFieldCell.swift; sourceTree = "<group>"; };
		7F32790D1C71DF3E00AFB227 /* Carbon.framework */ = {isa = PBXFileReference; lastKnownFileType = wrapper.framework; name = Carbon.framework; path = System/Library/Frameworks/Carbon.framework; sourceTree = SDKROOT; };
		7F3279111C71E02300AFB227 /* BridgingHeader.h */ = {isa = PBXFileReference; fileEncoding = 4; lastKnownFileType = sourcecode.c.h; name = BridgingHeader.h; path = src/BridgingHeader.h; sourceTree = "<group>"; };
		7F5D0E241CACCD0100268983 /* ResultsView.swift */ = {isa = PBXFileReference; fileEncoding = 4; lastKnownFileType = sourcecode.swift; name = ResultsView.swift; path = src/ResultsView.swift; sourceTree = "<group>"; };
		7F5D0E291CACCDD400268983 /* Base */ = {isa = PBXFileReference; lastKnownFileType = file.storyboard; name = Base; path = src/Base.lproj/Main.storyboard; sourceTree = "<group>"; };
		7F6511F629A619DE007D3EB3 /* GeneralSettingsViewController.swift */ = {isa = PBXFileReference; lastKnownFileType = sourcecode.swift; name = GeneralSettingsViewController.swift; path = src/GeneralSettingsViewController.swift; sourceTree = "<group>"; };
		7F6511FA29A61A4E007D3EB3 /* Base */ = {isa = PBXFileReference; lastKnownFileType = file.xib; name = Base; path = src/Base.lproj/GeneralSettingsViewController.xib; sourceTree = "<group>"; };
		7F7982A5241FF0FD0079AFD2 /* dmenu-mac.entitlements */ = {isa = PBXFileReference; lastKnownFileType = text.plist.entitlements; path = "dmenu-mac.entitlements"; sourceTree = "<group>"; };
		7F90D2D126FDE2400003EC7E /* dmenu-mac */ = {isa = PBXFileReference; fileEncoding = 4; lastKnownFileType = text; path = "dmenu-mac"; sourceTree = "<group>"; };
		7FCEF3DA2EF89BAE00301202 /* ProviderFactory.swift */ = {isa = PBXFileReference; lastKnownFileType = sourcecode.swift; name = ProviderFactory.swift; path = src/ProviderFactory.swift; sourceTree = "<group>"; };
		7FCEF3DB2EF89BAE00301202 /* SearchService.swift */ = {isa = PBXFileReference; lastKnownFileType = sourcecode.swift; name = SearchService.swift; path = src/SearchService.swift; sourceTree = "<group>"; };
		7FCEF3E02EF89BB900301202 /* AppListProviderTests.swift */ = {isa = PBXFileReference; lastKnownFileType = sourcecode.swift; name = AppListProviderTests.swift; path = "dmenu-macTests/AppListProviderTests.swift"; sourceTree = "<group>"; };
		7FCEF3E12EF89BB900301202 /* MockListProvider.swift */ = {isa = PBXFileReference; lastKnownFileType = sourcecode.swift; name = MockListProvider.swift; path = "dmenu-macTests/MockListProvider.swift"; sourceTree = "<group>"; };
		7FCEF3E22EF89BB900301202 /* SearchServiceTests.swift */ = {isa = PBXFileReference; lastKnownFileType = sourcecode.swift; name = SearchServiceTests.swift; path = "dmenu-macTests/SearchServiceTests.swift"; sourceTree = "<group>"; };
		7FCEF3E32EF89BB900301202 /* SearchViewControllerTests.swift */ = {isa = PBXFileReference; lastKnownFileType = sourcecode.swift; name = SearchViewControllerTests.swift; path = "dmenu-macTests/SearchViewControllerTests.swift"; sourceTree = "<group>"; };
		7FCEF40F2EFBE70300301202 /* AppearanceSettings.swift */ = {isa = PBXFileReference; lastKnownFileType = sourcecode.swift; name = AppearanceSettings.swift; path = src/AppearanceSettings.swift; sourceTree = "<group>"; };
		7FCEF4102EFBE70300301202 /* AppearanceSettingsViewController.swift */ = {isa = PBXFileReference; lastKnownFileType = sourcecode.swift; name = AppearanceSettingsViewController.swift; path = src/AppearanceSettingsViewController.swift; sourceTree = "<group>"; };
		7FCEF4142EFBE71400301202 /* Base */ = {isa = PBXFileReference; lastKnownFileType = file.xib; name = Base; path = src/Base.lproj/AppearanceSettingsViewController.xib; sourceTree = "<group>"; };
		7FE8A6481C717481000A2C4C /* dmenu-mac.app */ = {isa = PBXFileReference; explicitFileType = wrapper.application; includeInIndex = 0; path = "dmenu-mac.app"; sourceTree = BUILT_PRODUCTS_DIR; };
		7FF33D15E7A14B9FB84318F3 /* dmenu-macTests.xctest */ = {isa = PBXFileReference; explicitFileType = wrapper.cfbundle; includeInIndex = 0; path = "dmenu-macTests.xctest"; sourceTree = BUILT_PRODUCTS_DIR; };
		A741D70BEA39425CA2842ABC /* XCTest.framework */ = {isa = PBXFileReference; lastKnownFileType = wrapper.framework; name = XCTest.framework; path = System/Library/Frameworks/XCTest.framework; sourceTree = SDKROOT; };
		B9315B77060242E2BEE75F2C /* NotificationNameTests.swift */ = {isa = PBXFileReference; lastKnownFileType = sourcecode.swift; name = NotificationNameTests.swift; path = "dmenu-macTests/NotificationNameTests.swift"; sourceTree = "<group>"; };
		BAFA97BFB86D4BBEA3CA3C69 /* CommandArgumentsTests.swift */ = {isa = PBXFileReference; lastKnownFileType = sourcecode.swift; name = CommandArgumentsTests.swift; path = "dmenu-macTests/CommandArgumentsTests.swift"; sourceTree = "<group>"; };
/* End PBXFileReference section */

/* Begin PBXFrameworksBuildPhase section */
		0814C0D97F054084BBA02A42 /* Frameworks */ = {
			isa = PBXFrameworksBuildPhase;
			buildActionMask = 2147483647;
			files = (
				B587A216B6D840909FF34BE0 /* XCTest.framework in Frameworks */,
			);
			runOnlyForDeploymentPostprocessing = 0;
		};
		7FE8A6451C717481000A2C4C /* Frameworks */ = {
			isa = PBXFrameworksBuildPhase;
			buildActionMask = 2147483647;
			files = (
				7F0A88F42D6A344B008B3822 /* Settings in Frameworks */,
				7F2CCA1E268B10F700C14B29 /* FileWatcher in Frameworks */,
				7F0A88F72D6A3620008B3822 /* LaunchAtLogin in Frameworks */,
				7F6511FE29A61C32007D3EB3 /* KeyboardShortcuts in Frameworks */,
				7F32790E1C71DF3E00AFB227 /* Carbon.framework in Frameworks */,
				7F255692269CF988002324AC /* ArgumentParser in Frameworks */,
				7FDA366E241FDA5E00B51212 /* Fuse in Frameworks */,
			);
			runOnlyForDeploymentPostprocessing = 0;
		};
/* End PBXFrameworksBuildPhase section */

/* Begin PBXGroup section */
		50282B1E7AAE47DA8326948B /* dmenu-macTests */ = {
			isa = PBXGroup;
			children = (
				7FCEF3E02EF89BB900301202 /* AppListProviderTests.swift */,
				7FCEF3E12EF89BB900301202 /* MockListProvider.swift */,
				7FCEF3E22EF89BB900301202 /* SearchServiceTests.swift */,
				7FCEF3E32EF89BB900301202 /* SearchViewControllerTests.swift */,
				BAFA97BFB86D4BBEA3CA3C69 /* CommandArgumentsTests.swift */,
				2B4A6EB6FC9D42409B853E7D /* PipeListProviderTests.swift */,
				B9315B77060242E2BEE75F2C /* NotificationNameTests.swift */,
			);
			name = "dmenu-macTests";
			sourceTree = "<group>";
		};
		7F3278E71C71C96100AFB227 /* dmenu-mac */ = {
			isa = PBXGroup;
			children = (
				7F6511F829A619FD007D3EB3 /* src */,
				50282B1E7AAE47DA8326948B /* dmenu-macTests */,
				7F3278E91C71C9CE00AFB227 /* Assets.xcassets */,
				7F3278FA1C71CA0200AFB227 /* Base.lproj */,
				7F3279111C71E02300AFB227 /* BridgingHeader.h */,
				7F7982A5241FF0FD0079AFD2 /* dmenu-mac.entitlements */,
				7F3278EC1C71C9CE00AFB227 /* Info.plist */,
				7F90D2D026FDE2240003EC7E /* scripts */,
			);
			name = "dmenu-mac";
			sourceTree = "<group>";
		};
		7F3278FA1C71CA0200AFB227 /* Base.lproj */ = {
			isa = PBXGroup;
			children = (
				7FCEF4132EFBE71400301202 /* AppearanceSettingsViewController.xib */,
				7F5D0E281CACCDD400268983 /* Main.storyboard */,
				7F6511F929A61A4E007D3EB3 /* GeneralSettingsViewController.xib */,
			);
			name = Base.lproj;
			sourceTree = "<group>";
		};
		7F32790F1C71DF4600AFB227 /* Frameworks */ = {
			isa = PBXGroup;
			children = (
				7F32790D1C71DF3E00AFB227 /* Carbon.framework */,
				A741D70BEA39425CA2842ABC /* XCTest.framework */,
			);
			name = Frameworks;
			sourceTree = "<group>";
		};
		7F6511F829A619FD007D3EB3 /* src */ = {
			isa = PBXGroup;
			children = (
				7FCEF40F2EFBE70300301202 /* AppearanceSettings.swift */,
				7FCEF4102EFBE70300301202 /* AppearanceSettingsViewController.swift */,
				7FCEF3DA2EF89BAE00301202 /* ProviderFactory.swift */,
				7FCEF3DB2EF89BAE00301202 /* SearchService.swift */,
				7F3278E81C71C9CE00AFB227 /* AppDelegate.swift */,
				7F2CCA2F268FE38C00C14B29 /* AppListProvider.swift */,
				7F25568E269CF945002324AC /* CommandArguments.swift */,
				7F6511F629A619DE007D3EB3 /* GeneralSettingsViewController.swift */,
				7F255693269D01FF002324AC /* InputField.swift */,
				7F2CCA2D268FE37900C14B29 /* ListProvider.swift */,
				7F2CCA22268B195F00C14B29 /* Notification+Name.swift */,
				7F2CCA31268FEDF600C14B29 /* PipeListProvider.swift */,
				7F2CCA3D268FFDB500C14B29 /* ReadStdin.h */,
				7F2CCA3E268FFDB500C14B29 /* ReadStdin.h.m */,
				7F5D0E241CACCD0100268983 /* ResultsView.swift */,
				7F3278EF1C71C9CE00AFB227 /* SearchViewController.swift */,
				7F3278ED1C71C9CE00AFB227 /* SearchWindow.swift */,
				7F3278FF1C71D39800AFB227 /* VerticalAlignedTextFieldCell.swift */,
			);
			name = src;
			sourceTree = "<group>";
		};
		7F90D2D026FDE2240003EC7E /* scripts */ = {
			isa = PBXGroup;
			children = (
				7F90D2D126FDE2400003EC7E /* dmenu-mac */,
			);
			path = scripts;
			sourceTree = "<group>";
		};
		7FE8A63F1C717481000A2C4C = {
			isa = PBXGroup;
			children = (
				7F3278E71C71C96100AFB227 /* dmenu-mac */,
				7F32790F1C71DF4600AFB227 /* Frameworks */,
				7FE8A6491C717481000A2C4C /* Products */,
			);
			sourceTree = "<group>";
		};
		7FE8A6491C717481000A2C4C /* Products */ = {
			isa = PBXGroup;
			children = (
				7FE8A6481C717481000A2C4C /* dmenu-mac.app */,
				7FF33D15E7A14B9FB84318F3 /* dmenu-macTests.xctest */,
			);
			name = Products;
			sourceTree = "<group>";
		};
/* End PBXGroup section */

/* Begin PBXNativeTarget section */
		094D6B1FF2884639A796E31E /* dmenu-macTests */ = {
			isa = PBXNativeTarget;
			buildConfigurationList = AA9C6F9EDA2D453D8CEEDB61 /* Build configuration list for PBXNativeTarget "dmenu-macTests" */;
			buildPhases = (
				C4F90D29C4AB49D38842F547 /* Sources */,
				0814C0D97F054084BBA02A42 /* Frameworks */,
				9A8F2EECB5C343F6BE937DA3 /* Resources */,
			);
			buildRules = (
			);
			dependencies = (
				46FFBE46CACC423AAAE42E32 /* PBXTargetDependency */,
			);
			name = "dmenu-macTests";
			productName = "dmenu-macTests";
			productReference = 7FF33D15E7A14B9FB84318F3 /* dmenu-macTests.xctest */;
			productType = "com.apple.product-type.bundle.unit-test";
		};
		7FE8A6471C717481000A2C4C /* dmenu-mac */ = {
			isa = PBXNativeTarget;
			buildConfigurationList = 7FE8A6571C717481000A2C4C /* Build configuration list for PBXNativeTarget "dmenu-mac" */;
			buildPhases = (
				7FE8A6441C717481000A2C4C /* Sources */,
				7FE8A6451C717481000A2C4C /* Frameworks */,
				7FE8A6461C717481000A2C4C /* Resources */,
			);
			buildRules = (
			);
			dependencies = (
				7F0A88EE2D6A3025008B3822 /* PBXTargetDependency */,
			);
			name = "dmenu-mac";
			packageProductDependencies = (
				7FDA366D241FDA5E00B51212 /* Fuse */,
				7F2CCA1D268B10F700C14B29 /* FileWatcher */,
				7F255691269CF988002324AC /* ArgumentParser */,
				7F6511FD29A61C32007D3EB3 /* KeyboardShortcuts */,
				7F0A88F32D6A344B008B3822 /* Settings */,
				7F0A88F62D6A3620008B3822 /* LaunchAtLogin */,
			);
			productName = "dmenu-mac";
			productReference = 7FE8A6481C717481000A2C4C /* dmenu-mac.app */;
			productType = "com.apple.product-type.application";
		};
/* End PBXNativeTarget section */

/* Begin PBXProject section */
		7FE8A6401C717481000A2C4C /* Project object */ = {
			isa = PBXProject;
			attributes = {
				BuildIndependentTargetsInParallel = YES;
				CLASSPREFIX = "";
				LastSwiftUpdateCheck = 0720;
				LastUpgradeCheck = 2620;
				ORGANIZATIONNAME = "Jose Pereira";
				TargetAttributes = {
					094D6B1FF2884639A796E31E = {
						CreatedOnToolsVersion = 16.2;
						TestTargetID = 7FE8A6471C717481000A2C4C;
					};
					7FE8A6471C717481000A2C4C = {
						CreatedOnToolsVersion = 7.2.1;
						LastSwiftMigration = 1020;
						ProvisioningStyle = Manual;
					};
				};
			};
			buildConfigurationList = 7FE8A6431C717481000A2C4C /* Build configuration list for PBXProject "dmenu-mac" */;
			compatibilityVersion = "Xcode 3.2";
			developmentRegion = en;
			hasScannedForEncodings = 0;
			knownRegions = (
				en,
				Base,
			);
			mainGroup = 7FE8A63F1C717481000A2C4C;
			packageReferences = (
				7FDA366C241FDA5E00B51212 /* XCRemoteSwiftPackageReference "fuse-swift" */,
				7F2CCA1C268B10F700C14B29 /* XCRemoteSwiftPackageReference "FileWatcher" */,
				7F255690269CF988002324AC /* XCRemoteSwiftPackageReference "swift-argument-parser" */,
				7F6511FC29A61C32007D3EB3 /* XCRemoteSwiftPackageReference "KeyboardShortcuts" */,
				7F0A88EC2D6A301C008B3822 /* XCRemoteSwiftPackageReference "SwiftLintPlugins" */,
				7F0A88F22D6A344B008B3822 /* XCRemoteSwiftPackageReference "Settings" */,
				7F0A88F52D6A3620008B3822 /* XCRemoteSwiftPackageReference "LaunchAtLogin-Modern" */,
			);
			productRefGroup = 7FE8A6491C717481000A2C4C /* Products */;
			projectDirPath = "";
			projectRoot = "";
			targets = (
				7FE8A6471C717481000A2C4C /* dmenu-mac */,
				094D6B1FF2884639A796E31E /* dmenu-macTests */,
			);
		};
/* End PBXProject section */

/* Begin PBXResourcesBuildPhase section */
		7FE8A6461C717481000A2C4C /* Resources */ = {
			isa = PBXResourcesBuildPhase;
			buildActionMask = 2147483647;
			files = (
				7F6511FB29A61A4E007D3EB3 /* GeneralSettingsViewController.xib in Resources */,
				7FCEF4152EFBE71400301202 /* AppearanceSettingsViewController.xib in Resources */,
				7F90D2D226FDE2400003EC7E /* dmenu-mac in Resources */,
				7F5D0E2C1CACCDD400268983 /* Main.storyboard in Resources */,
				7F3278F11C71C9CE00AFB227 /* Assets.xcassets in Resources */,
			);
			runOnlyForDeploymentPostprocessing = 0;
		};
		9A8F2EECB5C343F6BE937DA3 /* Resources */ = {
			isa = PBXResourcesBuildPhase;
			buildActionMask = 2147483647;
			files = (
			);
			runOnlyForDeploymentPostprocessing = 0;
		};
/* End PBXResourcesBuildPhase section */

/* Begin PBXSourcesBuildPhase section */
		7FE8A6441C717481000A2C4C /* Sources */ = {
			isa = PBXSourcesBuildPhase;
			buildActionMask = 2147483647;
			files = (
				7F3279001C71D39800AFB227 /* VerticalAlignedTextFieldCell.swift in Sources */,
				7F2CCA30268FE38C00C14B29 /* AppListProvider.swift in Sources */,
				7F5D0E261CACCD0100268983 /* ResultsView.swift in Sources */,
				7FCEF4112EFBE70300301202 /* AppearanceSettings.swift in Sources */,
				7FCEF4122EFBE70300301202 /* AppearanceSettingsViewController.swift in Sources */,
				7F3278F71C71C9CE00AFB227 /* SearchViewController.swift in Sources */,
				7F3278F01C71C9CE00AFB227 /* AppDelegate.swift in Sources */,
				7F25568F269CF945002324AC /* CommandArguments.swift in Sources */,
				7F2CCA2E268FE37900C14B29 /* ListProvider.swift in Sources */,
				7F6511F729A619DE007D3EB3 /* GeneralSettingsViewController.swift in Sources */,
				7FCEF3DD2EF89BAE00301202 /* SearchService.swift in Sources */,
				7FCEF3DF2EF89BAE00301202 /* ProviderFactory.swift in Sources */,
				7F2CCA32268FEDF600C14B29 /* PipeListProvider.swift in Sources */,
				7F2CCA3F268FFDB500C14B29 /* ReadStdin.h.m in Sources */,
				7F2CCA23268B195F00C14B29 /* Notification+Name.swift in Sources */,
				7F3278F51C71C9CE00AFB227 /* SearchWindow.swift in Sources */,
				7F255694269D01FF002324AC /* InputField.swift in Sources */,
			);
			runOnlyForDeploymentPostprocessing = 0;
		};
		C4F90D29C4AB49D38842F547 /* Sources */ = {
			isa = PBXSourcesBuildPhase;
			buildActionMask = 2147483647;
			files = (
				7E81C57FFE39431782C98B80 /* CommandArgumentsTests.swift in Sources */,
				7FCEF3E42EF89BB900301202 /* AppListProviderTests.swift in Sources */,
				7FCEF3E52EF89BB900301202 /* MockListProvider.swift in Sources */,
				7FCEF3E62EF89BB900301202 /* SearchViewControllerTests.swift in Sources */,
				7FCEF3E72EF89BB900301202 /* SearchServiceTests.swift in Sources */,
				42312E27230649C0A82474D4 /* PipeListProviderTests.swift in Sources */,
				CAA73A0945C642C6A1A7CD3D /* NotificationNameTests.swift in Sources */,
			);
			runOnlyForDeploymentPostprocessing = 0;
		};
/* End PBXSourcesBuildPhase section */

/* Begin PBXTargetDependency section */
		46FFBE46CACC423AAAE42E32 /* PBXTargetDependency */ = {
			isa = PBXTargetDependency;
			target = 7FE8A6471C717481000A2C4C /* dmenu-mac */;
			targetProxy = 3DABDF17154045C5972A4C41 /* PBXContainerItemProxy */;
		};
		7F0A88EE2D6A3025008B3822 /* PBXTargetDependency */ = {
			isa = PBXTargetDependency;
			productRef = 7F0A88ED2D6A3025008B3822 /* SwiftLintBuildToolPlugin */;
		};
/* End PBXTargetDependency section */

/* Begin PBXVariantGroup section */
		7F5D0E281CACCDD400268983 /* Main.storyboard */ = {
			isa = PBXVariantGroup;
			children = (
				7F5D0E291CACCDD400268983 /* Base */,
			);
			name = Main.storyboard;
			sourceTree = "<group>";
		};
		7F6511F929A61A4E007D3EB3 /* GeneralSettingsViewController.xib */ = {
			isa = PBXVariantGroup;
			children = (
				7F6511FA29A61A4E007D3EB3 /* Base */,
			);
			name = GeneralSettingsViewController.xib;
			sourceTree = "<group>";
		};
		7FCEF4132EFBE71400301202 /* AppearanceSettingsViewController.xib */ = {
			isa = PBXVariantGroup;
			children = (
				7FCEF4142EFBE71400301202 /* Base */,
			);
			name = AppearanceSettingsViewController.xib;
			sourceTree = "<group>";
		};
/* End PBXVariantGroup section */

/* Begin XCBuildConfiguration section */
		608C5C3F06D343D0B16DF05E /* Release */ = {
			isa = XCBuildConfiguration;
			buildSettings = {
				BUNDLE_LOADER = "$(TEST_HOST)";
				CODE_SIGN_IDENTITY = "-";
				GENERATE_INFOPLIST_FILE = YES;
				INFOPLIST_KEY_CFBundleDisplayName = "dmenu-macTests";
				LD_RUNPATH_SEARCH_PATHS = (
					"$(inherited)",
					"@executable_path/../Frameworks",
					"@loader_path/../Frameworks",
				);
				MACH_O_TYPE = mh_bundle;
				MACOSX_DEPLOYMENT_TARGET = 13.5;
				PRODUCT_BUNDLE_IDENTIFIER = "com.onaips.dmenu-macosTests";
				PRODUCT_NAME = "$(TARGET_NAME)";
				SWIFT_VERSION = 5.0;
				TEST_HOST = "$(BUILT_PRODUCTS_DIR)/dmenu-mac.app/Contents/MacOS/dmenu-mac";
			};
			name = Release;
		};
		7FE8A6551C717481000A2C4C /* Debug */ = {
			isa = XCBuildConfiguration;
			buildSettings = {
				ALWAYS_SEARCH_USER_PATHS = NO;
				ASSETCATALOG_COMPILER_GENERATE_SWIFT_ASSET_SYMBOL_EXTENSIONS = YES;
				ASSETCATALOG_COMPILER_OPTIMIZATION = time;
				CLANG_ANALYZER_GCD_PERFORMANCE = YES;
				CLANG_ANALYZER_LOCALIZABILITY_NONLOCALIZED = YES;
				CLANG_CXX_LANGUAGE_STANDARD = "gnu++17";
				CLANG_CXX_LIBRARY = "libc++";
				CLANG_ENABLE_MODULES = YES;
				CLANG_ENABLE_OBJC_ARC = YES;
				CLANG_UNDEFINED_BEHAVIOR_SANITIZER_INTEGER = YES;
				CLANG_UNDEFINED_BEHAVIOR_SANITIZER_NULLABILITY = YES;
				CLANG_USE_OPTIMIZATION_PROFILE = NO;
				CLANG_WARN_BLOCK_CAPTURE_AUTORELEASING = YES;
				CLANG_WARN_BOOL_CONVERSION = YES;
				CLANG_WARN_COMMA = YES;
				CLANG_WARN_CONSTANT_CONVERSION = YES;
				CLANG_WARN_DEPRECATED_OBJC_IMPLEMENTATIONS = YES;
				CLANG_WARN_DIRECT_OBJC_ISA_USAGE = YES_ERROR;
				CLANG_WARN_EMPTY_BODY = YES;
				CLANG_WARN_ENUM_CONVERSION = YES;
				CLANG_WARN_INFINITE_RECURSION = YES;
				CLANG_WARN_INT_CONVERSION = YES;
				CLANG_WARN_NON_LITERAL_NULL_CONVERSION = YES;
				CLANG_WARN_OBJC_IMPLICIT_RETAIN_SELF = YES;
				CLANG_WARN_OBJC_LITERAL_CONVERSION = YES;
				CLANG_WARN_OBJC_ROOT_CLASS = YES_ERROR;
				CLANG_WARN_QUOTED_INCLUDE_IN_FRAMEWORK_HEADER = YES;
				CLANG_WARN_RANGE_LOOP_ANALYSIS = YES;
				CLANG_WARN_STRICT_PROTOTYPES = YES;
				CLANG_WARN_SUSPICIOUS_MOVE = YES;
				CLANG_WARN_UNREACHABLE_CODE = YES;
				CLANG_WARN__DUPLICATE_METHOD_MATCH = YES;
				CODE_SIGN_IDENTITY = "-";
				COPY_HEADERS_RUN_UNIFDEF = YES;
				COPY_PHASE_STRIP = YES;
				DEAD_CODE_STRIPPING = YES;
				DEBUG_INFORMATION_FORMAT = dwarf;
				ENABLE_STRICT_OBJC_MSGSEND = YES;
				ENABLE_TESTABILITY = YES;
				ENABLE_USER_SCRIPT_SANDBOXING = YES;
				GCC_C_LANGUAGE_STANDARD = gnu11;
				GCC_DYNAMIC_NO_PIC = YES;
				GCC_FAST_MATH = YES;
				GCC_NO_COMMON_BLOCKS = YES;
				GCC_OPTIMIZATION_LEVEL = 0;
				GCC_PRECOMPILE_PREFIX_HEADER = NO;
				GCC_PREPROCESSOR_DEFINITIONS = (
					"DEBUG=1",
					"$(inherited)",
				);
				GCC_SHORT_ENUMS = YES;
				GCC_UNROLL_LOOPS = YES;
				GCC_WARN_64_TO_32_BIT_CONVERSION = YES;
				GCC_WARN_ABOUT_RETURN_TYPE = YES_ERROR;
				GCC_WARN_UNDECLARED_SELECTOR = YES;
				GCC_WARN_UNINITIALIZED_AUTOS = YES_AGGRESSIVE;
				GCC_WARN_UNUSED_FUNCTION = YES;
				GCC_WARN_UNUSED_VARIABLE = YES;
				LLVM_LTO = YES_THIN;
				MACH_O_TYPE = mh_execute;
				MACOSX_DEPLOYMENT_TARGET = 13.5;
				MTL_ENABLE_DEBUG_INFO = YES;
				ONLY_ACTIVE_ARCH = YES;
				SDKROOT = macosx;
				STRINGS_FILE_OUTPUT_ENCODING = "UTF-8";
				STRING_CATALOG_GENERATE_SYMBOLS = YES;
				SWIFT_DISABLE_SAFETY_CHECKS = YES;
				SWIFT_OPTIMIZATION_LEVEL = "-Onone";
				SWIFT_VERSION = 5.10;
			};
			name = Debug;
		};
		7FE8A6561C717481000A2C4C /* Release */ = {
			isa = XCBuildConfiguration;
			buildSettings = {
				ALWAYS_SEARCH_USER_PATHS = NO;
				ASSETCATALOG_COMPILER_GENERATE_SWIFT_ASSET_SYMBOL_EXTENSIONS = YES;
				ASSETCATALOG_COMPILER_OPTIMIZATION = time;
				CLANG_ANALYZER_GCD_PERFORMANCE = YES;
				CLANG_ANALYZER_LOCALIZABILITY_NONLOCALIZED = YES;
				CLANG_CXX_LANGUAGE_STANDARD = "gnu++17";
				CLANG_CXX_LIBRARY = "libc++";
				CLANG_ENABLE_MODULES = YES;
				CLANG_ENABLE_OBJC_ARC = YES;
				CLANG_UNDEFINED_BEHAVIOR_SANITIZER_INTEGER = YES;
				CLANG_UNDEFINED_BEHAVIOR_SANITIZER_NULLABILITY = YES;
				CLANG_USE_OPTIMIZATION_PROFILE = NO;
				CLANG_WARN_BLOCK_CAPTURE_AUTORELEASING = YES;
				CLANG_WARN_BOOL_CONVERSION = YES;
				CLANG_WARN_COMMA = YES;
				CLANG_WARN_CONSTANT_CONVERSION = YES;
				CLANG_WARN_DEPRECATED_OBJC_IMPLEMENTATIONS = YES;
				CLANG_WARN_DIRECT_OBJC_ISA_USAGE = YES_ERROR;
				CLANG_WARN_EMPTY_BODY = YES;
				CLANG_WARN_ENUM_CONVERSION = YES;
				CLANG_WARN_INFINITE_RECURSION = YES;
				CLANG_WARN_INT_CONVERSION = YES;
				CLANG_WARN_NON_LITERAL_NULL_CONVERSION = YES;
				CLANG_WARN_OBJC_IMPLICIT_RETAIN_SELF = YES;
				CLANG_WARN_OBJC_LITERAL_CONVERSION = YES;
				CLANG_WARN_OBJC_ROOT_CLASS = YES_ERROR;
				CLANG_WARN_QUOTED_INCLUDE_IN_FRAMEWORK_HEADER = YES;
				CLANG_WARN_RANGE_LOOP_ANALYSIS = YES;
				CLANG_WARN_STRICT_PROTOTYPES = YES;
				CLANG_WARN_SUSPICIOUS_MOVE = YES;
				CLANG_WARN_UNREACHABLE_CODE = YES;
				CLANG_WARN__DUPLICATE_METHOD_MATCH = YES;
				CODE_SIGN_IDENTITY = "-";
				COPY_HEADERS_RUN_UNIFDEF = YES;
				COPY_PHASE_STRIP = YES;
				DEAD_CODE_STRIPPING = YES;
				DEBUG_INFORMATION_FORMAT = "dwarf-with-dsym";
				ENABLE_NS_ASSERTIONS = NO;
				ENABLE_STRICT_OBJC_MSGSEND = YES;
				ENABLE_USER_SCRIPT_SANDBOXING = YES;
				GCC_C_LANGUAGE_STANDARD = gnu11;
				GCC_DYNAMIC_NO_PIC = YES;
				GCC_FAST_MATH = YES;
				GCC_NO_COMMON_BLOCKS = YES;
				GCC_OPTIMIZATION_LEVEL = fast;
				GCC_PRECOMPILE_PREFIX_HEADER = NO;
				GCC_SHORT_ENUMS = YES;
				GCC_UNROLL_LOOPS = YES;
				GCC_WARN_64_TO_32_BIT_CONVERSION = YES;
				GCC_WARN_ABOUT_RETURN_TYPE = YES_ERROR;
				GCC_WARN_UNDECLARED_SELECTOR = YES;
				GCC_WARN_UNINITIALIZED_AUTOS = YES_AGGRESSIVE;
				GCC_WARN_UNUSED_FUNCTION = YES;
				GCC_WARN_UNUSED_VARIABLE = YES;
				LLVM_LTO = YES_THIN;
				MACH_O_TYPE = mh_execute;
				MACOSX_DEPLOYMENT_TARGET = 13.5;
				MTL_ENABLE_DEBUG_INFO = NO;
				ONLY_ACTIVE_ARCH = NO;
				SDKROOT = macosx;
				STRINGS_FILE_OUTPUT_ENCODING = "UTF-8";
				STRING_CATALOG_GENERATE_SYMBOLS = YES;
				SWIFT_COMPILATION_MODE = wholemodule;
				SWIFT_DISABLE_SAFETY_CHECKS = YES;
				SWIFT_VERSION = 5.10;
			};
			name = Release;
		};
		7FE8A6581C717481000A2C4C /* Debug */ = {
			isa = XCBuildConfiguration;
			buildSettings = {
				ASSETCATALOG_COMPILER_APPICON_NAME = AppIcon;
				CLANG_ENABLE_MODULES = YES;
				CODE_SIGN_ENTITLEMENTS = "dmenu-mac.entitlements";
				CODE_SIGN_IDENTITY = "-";
				CODE_SIGN_STYLE = Manual;
				COMBINE_HIDPI_IMAGES = YES;
				DEVELOPMENT_TEAM = "";
				INFOPLIST_FILE = src/Info.plist;
				INFOPLIST_KEY_LSApplicationCategoryType = "public.app-category.utilities";
				LD_RUNPATH_SEARCH_PATHS = (
					"$(inherited)",
					"@executable_path/../Frameworks",
				);
				MACOSX_DEPLOYMENT_TARGET = 13.5;
				PRODUCT_BUNDLE_IDENTIFIER = "com.onaips.dmenu-macos";
				PRODUCT_NAME = "dmenu-mac";
				PROVISIONING_PROFILE_SPECIFIER = "";
				SWIFT_OBJC_BRIDGING_HEADER = src/BridgingHeader.h;
				SWIFT_OPTIMIZATION_LEVEL = "-Onone";
				SWIFT_VERSION = 5.10;
			};
			name = Debug;
		};
		7FE8A6591C717481000A2C4C /* Release */ = {
			isa = XCBuildConfiguration;
			buildSettings = {
				ASSETCATALOG_COMPILER_APPICON_NAME = AppIcon;
				CLANG_ENABLE_MODULES = YES;
				CODE_SIGN_ENTITLEMENTS = "dmenu-mac.entitlements";
				CODE_SIGN_IDENTITY = "-";
				CODE_SIGN_STYLE = Manual;
				COMBINE_HIDPI_IMAGES = YES;
				DEVELOPMENT_TEAM = "";
				INFOPLIST_FILE = src/Info.plist;
				INFOPLIST_KEY_LSApplicationCategoryType = "public.app-category.utilities";
				LD_RUNPATH_SEARCH_PATHS = (
					"$(inherited)",
					"@executable_path/../Frameworks",
				);
				MACOSX_DEPLOYMENT_TARGET = 13.5;
				PRODUCT_BUNDLE_IDENTIFIER = "com.onaips.dmenu-macos";
				PRODUCT_NAME = "dmenu-mac";
				PROVISIONING_PROFILE_SPECIFIER = "";
				SWIFT_OBJC_BRIDGING_HEADER = src/BridgingHeader.h;
				SWIFT_VERSION = 5.10;
			};
			name = Release;
		};
		80BF13C20BCA42678C905656 /* Debug */ = {
			isa = XCBuildConfiguration;
			buildSettings = {
				BUNDLE_LOADER = "$(TEST_HOST)";
				CODE_SIGN_IDENTITY = "-";
				GENERATE_INFOPLIST_FILE = YES;
				INFOPLIST_KEY_CFBundleDisplayName = "dmenu-macTests";
				LD_RUNPATH_SEARCH_PATHS = (
					"$(inherited)",
					"@executable_path/../Frameworks",
					"@loader_path/../Frameworks",
				);
				MACH_O_TYPE = mh_bundle;
				MACOSX_DEPLOYMENT_TARGET = 13.5;
				PRODUCT_BUNDLE_IDENTIFIER = "com.onaips.dmenu-macosTests";
				PRODUCT_NAME = "$(TARGET_NAME)";
				SWIFT_VERSION = 5.0;
				TEST_HOST = "$(BUILT_PRODUCTS_DIR)/dmenu-mac.app/Contents/MacOS/dmenu-mac";
			};
			name = Debug;
		};
/* End XCBuildConfiguration section */

/* Begin XCConfigurationList section */
		7FE8A6431C717481000A2C4C /* Build configuration list for PBXProject "dmenu-mac" */ = {
			isa = XCConfigurationList;
			buildConfigurations = (
				7FE8A6551C717481000A2C4C /* Debug */,
				7FE8A6561C717481000A2C4C /* Release */,
			);
			defaultConfigurationIsVisible = 0;
			defaultConfigurationName = Release;
		};
		7FE8A6571C717481000A2C4C /* Build configuration list for PBXNativeTarget "dmenu-mac" */ = {
			isa = XCConfigurationList;
			buildConfigurations = (
				7FE8A6581C717481000A2C4C /* Debug */,
				7FE8A6591C717481000A2C4C /* Release */,
			);
			defaultConfigurationIsVisible = 0;
			defaultConfigurationName = Release;
		};
		AA9C6F9EDA2D453D8CEEDB61 /* Build configuration list for PBXNativeTarget "dmenu-macTests" */ = {
			isa = XCConfigurationList;
			buildConfigurations = (
				80BF13C20BCA42678C905656 /* Debug */,
				608C5C3F06D343D0B16DF05E /* Release */,
			);
			defaultConfigurationIsVisible = 0;
			defaultConfigurationName = Release;
		};
/* End XCConfigurationList section */

/* Begin XCRemoteSwiftPackageReference section */
		7F0A88EC2D6A301C008B3822 /* XCRemoteSwiftPackageReference "SwiftLintPlugins" */ = {
			isa = XCRemoteSwiftPackageReference;
			repositoryURL = "https://github.com/SimplyDanny/SwiftLintPlugins";
			requirement = {
				kind = upToNextMajorVersion;
				minimumVersion = 0.62.2;
			};
		};
		7F0A88F22D6A344B008B3822 /* XCRemoteSwiftPackageReference "Settings" */ = {
			isa = XCRemoteSwiftPackageReference;
			repositoryURL = "https://github.com/sindresorhus/Settings";
			requirement = {
				kind = upToNextMajorVersion;
				minimumVersion = 3.1.1;
			};
		};
		7F0A88F52D6A3620008B3822 /* XCRemoteSwiftPackageReference "LaunchAtLogin-Modern" */ = {
			isa = XCRemoteSwiftPackageReference;
			repositoryURL = "https://github.com/sindresorhus/LaunchAtLogin-Modern";
			requirement = {
				kind = upToNextMajorVersion;
				minimumVersion = 1.1.0;
			};
		};
		7F255690269CF988002324AC /* XCRemoteSwiftPackageReference "swift-argument-parser" */ = {
			isa = XCRemoteSwiftPackageReference;
			repositoryURL = "https://github.com/apple/swift-argument-parser";
			requirement = {
				kind = upToNextMajorVersion;
				minimumVersion = 1.7.0;
			};
		};
		7F2CCA1C268B10F700C14B29 /* XCRemoteSwiftPackageReference "FileWatcher" */ = {
			isa = XCRemoteSwiftPackageReference;
			repositoryURL = "https://github.com/eonist/FileWatcher.git";
			requirement = {
				kind = upToNextMajorVersion;
				minimumVersion = 0.2.3;
			};
		};
		7F6511FC29A61C32007D3EB3 /* XCRemoteSwiftPackageReference "KeyboardShortcuts" */ = {
			isa = XCRemoteSwiftPackageReference;
			repositoryURL = "https://github.com/sindresorhus/KeyboardShortcuts";
			requirement = {
				kind = upToNextMajorVersion;
				minimumVersion = 2.4.0;
			};
		};
		7FDA366C241FDA5E00B51212 /* XCRemoteSwiftPackageReference "fuse-swift" */ = {
			isa = XCRemoteSwiftPackageReference;
			repositoryURL = "https://github.com/krisk/fuse-swift";
			requirement = {
				kind = upToNextMajorVersion;
				minimumVersion = 1.4.0;
			};
		};
/* End XCRemoteSwiftPackageReference section */

/* Begin XCSwiftPackageProductDependency section */
		7F0A88ED2D6A3025008B3822 /* SwiftLintBuildToolPlugin */ = {
			isa = XCSwiftPackageProductDependency;
			package = 7F0A88EC2D6A301C008B3822 /* XCRemoteSwiftPackageReference "SwiftLintPlugins" */;
			productName = "plugin:SwiftLintBuildToolPlugin";
		};
		7F0A88F32D6A344B008B3822 /* Settings */ = {
			isa = XCSwiftPackageProductDependency;
			package = 7F0A88F22D6A344B008B3822 /* XCRemoteSwiftPackageReference "Settings" */;
			productName = Settings;
		};
		7F0A88F62D6A3620008B3822 /* LaunchAtLogin */ = {
			isa = XCSwiftPackageProductDependency;
			package = 7F0A88F52D6A3620008B3822 /* XCRemoteSwiftPackageReference "LaunchAtLogin-Modern" */;
			productName = LaunchAtLogin;
		};
		7F255691269CF988002324AC /* ArgumentParser */ = {
			isa = XCSwiftPackageProductDependency;
			package = 7F255690269CF988002324AC /* XCRemoteSwiftPackageReference "swift-argument-parser" */;
			productName = ArgumentParser;
		};
		7F2CCA1D268B10F700C14B29 /* FileWatcher */ = {
			isa = XCSwiftPackageProductDependency;
			package = 7F2CCA1C268B10F700C14B29 /* XCRemoteSwiftPackageReference "FileWatcher" */;
			productName = FileWatcher;
		};
		7F6511FD29A61C32007D3EB3 /* KeyboardShortcuts */ = {
			isa = XCSwiftPackageProductDependency;
			package = 7F6511FC29A61C32007D3EB3 /* XCRemoteSwiftPackageReference "KeyboardShortcuts" */;
			productName = KeyboardShortcuts;
		};
		7FDA366D241FDA5E00B51212 /* Fuse */ = {
			isa = XCSwiftPackageProductDependency;
			package = 7FDA366C241FDA5E00B51212 /* XCRemoteSwiftPackageReference "fuse-swift" */;
			productName = Fuse;
		};
/* End XCSwiftPackageProductDependency section */
	};
	rootObject = 7FE8A6401C717481000A2C4C /* Project object */;
}
